
Microsoft Visual Studio Solution File, Format Version 12.00
# Visual Studio 15
VisualStudioVersion = 15.0.27703.2035
MinimumVisualStudioVersion = 10.0.40219.1
Project("{FAE04EC0-301F-11D3-BF4B-00C04F79EFBC}") = "PromotionEngine.Core", "PromotionEngine\PromotionEngine.Core.csproj", "{D59A30B0-8D26-4488-B751-63C1D8E62C09}"
EndProject
Project("{FAE04EC0-301F-11D3-BF4B-00C04F79EFBC}") = "PromotionEngine.Logic", "PromotionEngine.Logic\PromotionEngine.Logic.csproj", "{041CCB2A-9483-4540-9492-C1B80AB69ECC}"
EndProject
Global
	GlobalSection(SolutionConfigurationPlatforms) = preSolution
		Debug|Any CPU = Debug|Any CPU
		Release|Any CPU = Release|Any CPU
	EndGlobalSection
	GlobalSection(ProjectConfigurationPlatforms) = postSolution
		{D59A30B0-8D26-4488-B751-63C1D8E62C09}.Debug|Any CPU.ActiveCfg = Debug|Any CPU
		{D59A30B0-8D26-4488-B751-63C1D8E62C09}.Debug|Any CPU.Build.0 = Debug|Any CPU
		{D59A30B0-8D26-4488-B751-63C1D8E62C09}.Release|Any CPU.ActiveCfg = Release|Any CPU
		{D59A30B0-8D26-4488-B751-63C1D8E62C09}.Release|Any CPU.Build.0 = Release|Any CPU
		{041CCB2A-9483-4540-9492-C1B80AB69ECC}.Debug|Any CPU.ActiveCfg = Debug|Any CPU
		{041CCB2A-9483-4540-9492-C1B80AB69ECC}.Debug|Any CPU.Build.0 = Debug|Any CPU
		{041CCB2A-9483-4540-9492-C1B80AB69ECC}.Release|Any CPU.ActiveCfg = Release|Any CPU
		{041CCB2A-9483-4540-9492-C1B80AB69ECC}.Release|Any CPU.Build.0 = Release|Any CPU
	EndGlobalSection
	GlobalSection(SolutionProperties) = preSolution
		HideSolutionNode = FALSE
	EndGlobalSection
	GlobalSection(ExtensibilityGlobals) = postSolution
		SolutionGuid = {EC710D4D-1A48-40D0-9B1E-2CE73667BB7F}
	EndGlobalSection
EndGlobal
